
Microsoft Visual Studio Solution File, Format Version 12.00
# Visual Studio Version 17
VisualStudioVersion = 17.0.32112.339
MinimumVisualStudioVersion = 10.0.40219.1
Project("{FAE04EC0-301F-11D3-BF4B-00C04F79EFBC}") = "DemoBlazorAuthentication.Server", "Server\DemoBlazorAuthentication.Server.csproj", "{A552524D-9BC3-49CA-895E-C73354211899}"
EndProject
Project("{FAE04EC0-301F-11D3-BF4B-00C04F79EFBC}") = "DemoBlazorAuthentication.Client", "Client\DemoBlazorAuthentication.Client.csproj", "{D126C00C-B5ED-4AD5-B0D5-DAAF04CEEEC1}"
EndProject
Project("{FAE04EC0-301F-11D3-BF4B-00C04F79EFBC}") = "DemoBlazorAuthentication.Shared", "Shared\DemoBlazorAuthentication.Shared.csproj", "{375565B0-42E4-4500-B688-AFCB8972A1EC}"
EndProject
Global
	GlobalSection(SolutionConfigurationPlatforms) = preSolution
		Debug|Any CPU = Debug|Any CPU
		Release|Any CPU = Release|Any CPU
	EndGlobalSection
	GlobalSection(ProjectConfigurationPlatforms) = postSolution
		{A552524D-9BC3-49CA-895E-C73354211899}.Debug|Any CPU.ActiveCfg = Debug|Any CPU
		{A552524D-9BC3-49CA-895E-C73354211899}.Debug|Any CPU.Build.0 = Debug|Any CPU
		{A552524D-9BC3-49CA-895E-C73354211899}.Release|Any CPU.ActiveCfg = Release|Any CPU
		{A552524D-9BC3-49CA-895E-C73354211899}.Release|Any CPU.Build.0 = Release|Any CPU
		{D126C00C-B5ED-4AD5-B0D5-DAAF04CEEEC1}.Debug|Any CPU.ActiveCfg = Debug|Any CPU
		{D126C00C-B5ED-4AD5-B0D5-DAAF04CEEEC1}.Debug|Any CPU.Build.0 = Debug|Any CPU
		{D126C00C-B5ED-4AD5-B0D5-DAAF04CEEEC1}.Release|Any CPU.ActiveCfg = Release|Any CPU
		{D126C00C-B5ED-4AD5-B0D5-DAAF04CEEEC1}.Release|Any CPU.Build.0 = Release|Any CPU
		{375565B0-42E4-4500-B688-AFCB8972A1EC}.Debug|Any CPU.ActiveCfg = Debug|Any CPU
		{375565B0-42E4-4500-B688-AFCB8972A1EC}.Debug|Any CPU.Build.0 = Debug|Any CPU
		{375565B0-42E4-4500-B688-AFCB8972A1EC}.Release|Any CPU.ActiveCfg = Release|Any CPU
		{375565B0-42E4-4500-B688-AFCB8972A1EC}.Release|Any CPU.Build.0 = Release|Any CPU
	EndGlobalSection
	GlobalSection(SolutionProperties) = preSolution
		HideSolutionNode = FALSE
	EndGlobalSection
	GlobalSection(ExtensibilityGlobals) = postSolution
		SolutionGuid = {44559BC3-7BBE-4466-B4F9-9AE6DC1F8123}
	EndGlobalSection
EndGlobal
